
Microsoft Visual Studio Solution File, Format Version 12.00
Project("{FAE04EC0-301F-11D3-BF4B-00C04F79EFBC}") = "crawler", "crawler\crawler.csproj", "{D765444B-2A50-44F3-BEE1-8986E4834733}"
EndProject
Project("{FAE04EC0-301F-11D3-BF4B-00C04F79EFBC}") = "user", "user\user.csproj", "{08B3B9A6-477F-4D4C-9F35-9A12AD868BB4}"
EndProject
Global
	GlobalSection(SolutionConfigurationPlatforms) = preSolution
		Debug|Any CPU = Debug|Any CPU
		Release|Any CPU = Release|Any CPU
	EndGlobalSection
	GlobalSection(ProjectConfigurationPlatforms) = postSolution
		{D765444B-2A50-44F3-BEE1-8986E4834733}.Debug|Any CPU.ActiveCfg = Debug|Any CPU
		{D765444B-2A50-44F3-BEE1-8986E4834733}.Debug|Any CPU.Build.0 = Debug|Any CPU
		{D765444B-2A50-44F3-BEE1-8986E4834733}.Release|Any CPU.ActiveCfg = Release|Any CPU
		{D765444B-2A50-44F3-BEE1-8986E4834733}.Release|Any CPU.Build.0 = Release|Any CPU
		{08B3B9A6-477F-4D4C-9F35-9A12AD868BB4}.Debug|Any CPU.ActiveCfg = Debug|Any CPU
		{08B3B9A6-477F-4D4C-9F35-9A12AD868BB4}.Debug|Any CPU.Build.0 = Debug|Any CPU
		{08B3B9A6-477F-4D4C-9F35-9A12AD868BB4}.Release|Any CPU.ActiveCfg = Release|Any CPU
		{08B3B9A6-477F-4D4C-9F35-9A12AD868BB4}.Release|Any CPU.Build.0 = Release|Any CPU
	EndGlobalSection
EndGlobal
